
Microsoft Visual Studio Solution File, Format Version 12.00
# Visual Studio Version 16
VisualStudioVersion = 16.0.31605.320
MinimumVisualStudioVersion = 10.0.40219.1
Project("{FAE04EC0-301F-11D3-BF4B-00C04F79EFBC}") = "MetodicheskayaProgramma", "MetodicheskayaProgramma\MetodicheskayaProgramma.csproj", "{418D3EEE-8916-4DDB-B064-9778748F4CB1}"
EndProject
Global
	GlobalSection(SolutionConfigurationPlatforms) = preSolution
		Debug|Any CPU = Debug|Any CPU
		Release|Any CPU = Release|Any CPU
	EndGlobalSection
	GlobalSection(ProjectConfigurationPlatforms) = postSolution
		{418D3EEE-8916-4DDB-B064-9778748F4CB1}.Debug|Any CPU.ActiveCfg = Debug|Any CPU
		{418D3EEE-8916-4DDB-B064-9778748F4CB1}.Debug|Any CPU.Build.0 = Debug|Any CPU
		{418D3EEE-8916-4DDB-B064-9778748F4CB1}.Release|Any CPU.ActiveCfg = Release|Any CPU
		{418D3EEE-8916-4DDB-B064-9778748F4CB1}.Release|Any CPU.Build.0 = Release|Any CPU
	EndGlobalSection
	GlobalSection(SolutionProperties) = preSolution
		HideSolutionNode = FALSE
	EndGlobalSection
	GlobalSection(ExtensibilityGlobals) = postSolution
		SolutionGuid = {29F00DCD-422F-4FDF-9CAC-02AF7F2A372D}
	EndGlobalSection
EndGlobal
